# THIS IS AN AUTOGENERATED FILE. DO NOT EDIT THIS FILE DIRECTLY.
# yarn lockfile v1


classnames@^2.3.1:
  version "2.3.2"
  resolved "https://registry.yarnpkg.com/classnames/-/classnames-2.3.2.tgz#351d813bf0137fcc6a76a16b88208d2560a0d924"
  integrity sha512-CSbhY4cFEJRe6/GQzIk5qXZ4Jeg5pcsP7b5peFSDpffpe1cqjASH/n9UTjBwOp6XpMSTwQ8Za2K5V02ueA7Tmw==

debounce@^2.0.0:
  version "2.0.0"
  resolved "https://registry.yarnpkg.com/debounce/-/debounce-2.0.0.tgz#b2f914518a1481466f4edaee0b063e4d473ad549"
  integrity sha512-xRetU6gL1VJbs85Mc4FoEGSjQxzpdxRyFhe3lmWFyy2EzydIcD4xzUvRJMD+NPDfMwKNhxa3PvsIOU32luIWeA==

diggerize@^1.0.4:
  version "1.0.5"
  resolved "https://registry.yarnpkg.com/diggerize/-/diggerize-1.0.5.tgz#268fd91f204959ee85bc7a0ee776178870a470f2"
  integrity sha512-DQZM0okJRCslVWAuyR6GCZfb9vdPApymlIq//ax53KxUAwvnUTLegYFIyvPm3oXBYGTdbaUV/iZ4K+NDSahDAA==

fetching-object@^1.0.1:
  version "1.0.1"
  resolved "https://registry.yarnpkg.com/fetching-object/-/fetching-object-1.0.1.tgz#0182826488d05b9008b5cc70b7d92bf4b9f908b4"
  integrity sha512-TzN9rlL9ZGzTbHClKAT+bPYLgKmb4pDTyIJWWmVWQYwVROSXe12dO+l/rosN2+NBLOMDjMu3neTRNhjyj6UMRg==

set-state-compare@^1.0.19:
  version "1.0.19"
  resolved "https://registry.yarnpkg.com/set-state-compare/-/set-state-compare-1.0.19.tgz#5c5dfca912fd45098d514905206ad95fa783692d"
  integrity sha512-+x19TrIvPG+b0ZAHx3gvLMu38tuGtIVpN55lYjnV6l0XiUkKvfBfOWUf2MFjEh4PJ4bl0/y/e26rLgtwa68b1Q==
