# THIS IS AN AUTOGENERATED FILE. DO NOT EDIT THIS FILE DIRECTLY.
# yarn lockfile v1


classnames@^2.3.1:
  version "2.5.1"
  resolved "https://registry.yarnpkg.com/classnames/-/classnames-2.5.1.tgz#ba774c614be0f016da105c858e7159eae8e7687b"
  integrity sha512-saHYOzhIQs6wy2sVxTM6bUDsQO4F50V9RQ22qBpEdCW+I+/Wmke2HOl6lS6dTpdxVhb88/I6+Hs+438c3lfUow==

debounce@^1.2.1:
  version "1.2.1"
  resolved "https://registry.yarnpkg.com/debounce/-/debounce-1.2.1.tgz#38881d8f4166a5c5848020c11827b834bcb3e0a5"
  integrity sha512-XRRe6Glud4rd/ZGQfiV1ruXSfbvfJedlV9Y6zOlP+2K04vBYiJEte6stfFkCP03aMnY5tsipamumUjL14fofug==

diggerize@^1.0.4:
  version "1.0.5"
  resolved "https://registry.yarnpkg.com/diggerize/-/diggerize-1.0.5.tgz#268fd91f204959ee85bc7a0ee776178870a470f2"
  integrity sha512-DQZM0okJRCslVWAuyR6GCZfb9vdPApymlIq//ax53KxUAwvnUTLegYFIyvPm3oXBYGTdbaUV/iZ4K+NDSahDAA==

"fetching-object@>= 1.0.1", fetching-object@^1.0.1:
  version "1.0.1"
  resolved "https://registry.yarnpkg.com/fetching-object/-/fetching-object-1.0.1.tgz#0182826488d05b9008b5cc70b7d92bf4b9f908b4"
  integrity sha512-TzN9rlL9ZGzTbHClKAT+bPYLgKmb4pDTyIJWWmVWQYwVROSXe12dO+l/rosN2+NBLOMDjMu3neTRNhjyj6UMRg==

set-state-compare@^1.0.19:
  version "1.0.26"
  resolved "https://registry.yarnpkg.com/set-state-compare/-/set-state-compare-1.0.26.tgz#a7fa1e081d62d3fc861e0c50d9d77769d796cdfd"
  integrity sha512-meN7lG6+RmwfPFjec2qSv71ITPAiBkS+66iItDwSF04mMirNXHn64gaM5zyIcahf7KGJHEUC8l45hsMfXkyUqg==
  dependencies:
    fetching-object ">= 1.0.1"
